Microsoft Visual Studio Solution File, Format Version 12.00
# Visual Studio 15
VisualStudioVersion = 15.0.27004.2010
MinimumVisualStudioVersion = 10.0.40219.1
Project("{9A19103F-16F7-4668-BE54-9A1E7A4F7556}") = "Day1", "Day1\Day1.csproj", "{CBB76EFA-A0E9-4BE7-BD85-E6B8095BB4E1}"
EndProject
Project("{9A19103F-16F7-4668-BE54-9A1E7A4F7556}") = "Day2", "Day2\Day2.csproj", "{A7CD9C8E-1E80-47A6-9F24-8DE27412628E}"
EndProject
Project("{9A19103F-16F7-4668-BE54-9A1E7A4F7556}") = "Day3", "day3\Day3.csproj", "{9FA00438-435F-443C-BCA7-E154F0649AE9}"
EndProject
Project("{9A19103F-16F7-4668-BE54-9A1E7A4F7556}") = "Day4", "day4\Day4.csproj", "{DA5443F6-8CA7-4C36-82EF-06260764CBCB}"
EndProject
Project("{9A19103F-16F7-4668-BE54-9A1E7A4F7556}") = "Day5", "day5\Day5.csproj", "{9EC50B5B-D96A-4512-8065-72503A86DD19}"
EndProject
Project("{9A19103F-16F7-4668-BE54-9A1E7A4F7556}") = "Day6", "day6\Day6.csproj", "{A1F9CA05-FAB0-4887-ACC7-BBB2470B699A}"
EndProject
Project("{9A19103F-16F7-4668-BE54-9A1E7A4F7556}") = "Day7", "day7\Day7.csproj", "{EA309169-9E64-479E-8D95-F1B053363DE2}"
EndProject
Project("{9A19103F-16F7-4668-BE54-9A1E7A4F7556}") = "Day8", "Day8\Day8.csproj", "{723AB289-85BB-4291-B831-4FE634BDA820}"
EndProject
Project("{9A19103F-16F7-4668-BE54-9A1E7A4F7556}") = "Day9", "Day9\Day9.csproj", "{06C92605-DE2D-46F5-B4AD-D830152E8A66}"
EndProject
Project("{9A19103F-16F7-4668-BE54-9A1E7A4F7556}") = "Day10", "Day10\Day10.csproj", "{4F1B1D6B-2D32-4B80-8311-B4D4631DA818}"
EndProject
Project("{9A19103F-16F7-4668-BE54-9A1E7A4F7556}") = "Day11", "Day11\Day11.csproj", "{AD1B739E-5152-4E1E-92B6-5D26735ABD11}"
EndProject
Project("{9A19103F-16F7-4668-BE54-9A1E7A4F7556}") = "Day12", "Day12\Day12.csproj", "{6DFA7822-BC11-479A-B139-D446985CC1AD}"
EndProject
Project("{9A19103F-16F7-4668-BE54-9A1E7A4F7556}") = "Day13", "Day13\Day13.csproj", "{88ADF645-A542-44CC-8348-95DAE09278DC}"
EndProject
Project("{9A19103F-16F7-4668-BE54-9A1E7A4F7556}") = "Day14", "Day14\Day14.csproj", "{B3437A61-72E4-4A05-A064-427535C6D624}"
EndProject
Project("{9A19103F-16F7-4668-BE54-9A1E7A4F7556}") = "Day15", "Day15\Day15.csproj", "{588CEC38-0A5D-4EE6-AE5C-1FEE1C2C23B9}"
EndProject
Project("{9A19103F-16F7-4668-BE54-9A1E7A4F7556}") = "Day16", "Day16\Day16.csproj", "{F159D673-8231-4AB6-9E1E-00500D11F983}"
EndProject
Project("{9A19103F-16F7-4668-BE54-9A1E7A4F7556}") = "Day17", "Day17\Day17.csproj", "{608B6285-7A24-4F5C-9BF7-D5A72840252D}"
EndProject
Project("{9A19103F-16F7-4668-BE54-9A1E7A4F7556}") = "Day18", "Day18\Day18.csproj", "{81F36CFC-8C64-40B4-B1B0-D26300EA6B99}"
EndProject
Project("{9A19103F-16F7-4668-BE54-9A1E7A4F7556}") = "Day19", "Day19\Day19.csproj", "{BEA38C47-0F81-4033-BED6-25742DF5C2DE}"
EndProject
Project("{9A19103F-16F7-4668-BE54-9A1E7A4F7556}") = "Day20", "day20\Day20.csproj", "{0861B07C-A9F8-4A5A-A76E-71477DE8E7F5}"
EndProject
Project("{9A19103F-16F7-4668-BE54-9A1E7A4F7556}") = "Day21", "Day21\Day21.csproj", "{6F6E4E68-2E2E-4DDE-AB04-844D01C837FA}"
EndProject
Project("{9A19103F-16F7-4668-BE54-9A1E7A4F7556}") = "Day22", "Day22\Day22.csproj", "{4C602F1B-3D5B-46B2-8146-07CC6D4F17F6}"
EndProject
Project("{9A19103F-16F7-4668-BE54-9A1E7A4F7556}") = "Day23", "Day23\Day23.csproj", "{D13D0347-9A7C-4A8F-9D3D-38782F26EAED}"
EndProject
Project("{9A19103F-16F7-4668-BE54-9A1E7A4F7556}") = "Day24", "day24\Day24.csproj", "{CD16AF46-C41A-4802-A63B-057006380C4D}"
EndProject
Project("{FAE04EC0-301F-11D3-BF4B-00C04F79EFBC}") = "Day25", "Day25\Day25.csproj", "{EB8C87B8-8B62-4F68-8AC1-890121E2ABBF}"
EndProject
Global
	GlobalSection(SolutionConfigurationPlatforms) = preSolution
		Debug|Any CPU = Debug|Any CPU
		Debug|x64 = Debug|x64
		Debug|x86 = Debug|x86
		Release|Any CPU = Release|Any CPU
		Release|x64 = Release|x64
		Release|x86 = Release|x86
	EndGlobalSection
	GlobalSection(ProjectConfigurationPlatforms) = postSolution
		{CBB76EFA-A0E9-4BE7-BD85-E6B8095BB4E1}.Debug|Any CPU.ActiveCfg = Debug|Any CPU
		{CBB76EFA-A0E9-4BE7-BD85-E6B8095BB4E1}.Debug|Any CPU.Build.0 = Debug|Any CPU
		{CBB76EFA-A0E9-4BE7-BD85-E6B8095BB4E1}.Debug|x64.ActiveCfg = Debug|Any CPU
		{CBB76EFA-A0E9-4BE7-BD85-E6B8095BB4E1}.Debug|x64.Build.0 = Debug|Any CPU
		{CBB76EFA-A0E9-4BE7-BD85-E6B8095BB4E1}.Debug|x86.ActiveCfg = Debug|Any CPU
		{CBB76EFA-A0E9-4BE7-BD85-E6B8095BB4E1}.Debug|x86.Build.0 = Debug|Any CPU
		{CBB76EFA-A0E9-4BE7-BD85-E6B8095BB4E1}.Release|Any CPU.ActiveCfg = Release|Any CPU
		{CBB76EFA-A0E9-4BE7-BD85-E6B8095BB4E1}.Release|Any CPU.Build.0 = Release|Any CPU
		{CBB76EFA-A0E9-4BE7-BD85-E6B8095BB4E1}.Release|x64.ActiveCfg = Release|Any CPU
		{CBB76EFA-A0E9-4BE7-BD85-E6B8095BB4E1}.Release|x64.Build.0 = Release|Any CPU
		{CBB76EFA-A0E9-4BE7-BD85-E6B8095BB4E1}.Release|x86.ActiveCfg = Release|Any CPU
		{CBB76EFA-A0E9-4BE7-BD85-E6B8095BB4E1}.Release|x86.Build.0 = Release|Any CPU
		{A7CD9C8E-1E80-47A6-9F24-8DE27412628E}.Debug|Any CPU.ActiveCfg = Debug|Any CPU
		{A7CD9C8E-1E80-47A6-9F24-8DE27412628E}.Debug|Any CPU.Build.0 = Debug|Any CPU
		{A7CD9C8E-1E80-47A6-9F24-8DE27412628E}.Debug|x64.ActiveCfg = Debug|Any CPU
		{A7CD9C8E-1E80-47A6-9F24-8DE27412628E}.Debug|x64.Build.0 = Debug|Any CPU
		{A7CD9C8E-1E80-47A6-9F24-8DE27412628E}.Debug|x86.ActiveCfg = Debug|Any CPU
		{A7CD9C8E-1E80-47A6-9F24-8DE27412628E}.Debug|x86.Build.0 = Debug|Any CPU
		{A7CD9C8E-1E80-47A6-9F24-8DE27412628E}.Release|Any CPU.ActiveCfg = Release|Any CPU
		{A7CD9C8E-1E80-47A6-9F24-8DE27412628E}.Release|Any CPU.Build.0 = Release|Any CPU
		{A7CD9C8E-1E80-47A6-9F24-8DE27412628E}.Release|x64.ActiveCfg = Release|Any CPU
		{A7CD9C8E-1E80-47A6-9F24-8DE27412628E}.Release|x64.Build.0 = Release|Any CPU
		{A7CD9C8E-1E80-47A6-9F24-8DE27412628E}.Release|x86.ActiveCfg = Release|Any CPU
		{A7CD9C8E-1E80-47A6-9F24-8DE27412628E}.Release|x86.Build.0 = Release|Any CPU
		{9FA00438-435F-443C-BCA7-E154F0649AE9}.Debug|Any CPU.ActiveCfg = Debug|Any CPU
		{9FA00438-435F-443C-BCA7-E154F0649AE9}.Debug|Any CPU.Build.0 = Debug|Any CPU
		{9FA00438-435F-443C-BCA7-E154F0649AE9}.Debug|x64.ActiveCfg = Debug|Any CPU
		{9FA00438-435F-443C-BCA7-E154F0649AE9}.Debug|x64.Build.0 = Debug|Any CPU
		{9FA00438-435F-443C-BCA7-E154F0649AE9}.Debug|x86.ActiveCfg = Debug|Any CPU
		{9FA00438-435F-443C-BCA7-E154F0649AE9}.Debug|x86.Build.0 = Debug|Any CPU
		{9FA00438-435F-443C-BCA7-E154F0649AE9}.Release|Any CPU.ActiveCfg = Release|Any CPU
		{9FA00438-435F-443C-BCA7-E154F0649AE9}.Release|Any CPU.Build.0 = Release|Any CPU
		{9FA00438-435F-443C-BCA7-E154F0649AE9}.Release|x64.ActiveCfg = Release|Any CPU
		{9FA00438-435F-443C-BCA7-E154F0649AE9}.Release|x64.Build.0 = Release|Any CPU
		{9FA00438-435F-443C-BCA7-E154F0649AE9}.Release|x86.ActiveCfg = Release|Any CPU
		{9FA00438-435F-443C-BCA7-E154F0649AE9}.Release|x86.Build.0 = Release|Any CPU
		{DA5443F6-8CA7-4C36-82EF-06260764CBCB}.Debug|Any CPU.ActiveCfg = Debug|Any CPU
		{DA5443F6-8CA7-4C36-82EF-06260764CBCB}.Debug|Any CPU.Build.0 = Debug|Any CPU
		{DA5443F6-8CA7-4C36-82EF-06260764CBCB}.Debug|x64.ActiveCfg = Debug|Any CPU
		{DA5443F6-8CA7-4C36-82EF-06260764CBCB}.Debug|x64.Build.0 = Debug|Any CPU
		{DA5443F6-8CA7-4C36-82EF-06260764CBCB}.Debug|x86.ActiveCfg = Debug|Any CPU
		{DA5443F6-8CA7-4C36-82EF-06260764CBCB}.Debug|x86.Build.0 = Debug|Any CPU
		{DA5443F6-8CA7-4C36-82EF-06260764CBCB}.Release|Any CPU.ActiveCfg = Release|Any CPU
		{DA5443F6-8CA7-4C36-82EF-06260764CBCB}.Release|Any CPU.Build.0 = Release|Any CPU
		{DA5443F6-8CA7-4C36-82EF-06260764CBCB}.Release|x64.ActiveCfg = Release|Any CPU
		{DA5443F6-8CA7-4C36-82EF-06260764CBCB}.Release|x64.Build.0 = Release|Any CPU
		{DA5443F6-8CA7-4C36-82EF-06260764CBCB}.Release|x86.ActiveCfg = Release|Any CPU
		{DA5443F6-8CA7-4C36-82EF-06260764CBCB}.Release|x86.Build.0 = Release|Any CPU
		{9EC50B5B-D96A-4512-8065-72503A86DD19}.Debug|Any CPU.ActiveCfg = Debug|Any CPU
		{9EC50B5B-D96A-4512-8065-72503A86DD19}.Debug|Any CPU.Build.0 = Debug|Any CPU
		{9EC50B5B-D96A-4512-8065-72503A86DD19}.Debug|x64.ActiveCfg = Debug|Any CPU
		{9EC50B5B-D96A-4512-8065-72503A86DD19}.Debug|x64.Build.0 = Debug|Any CPU
		{9EC50B5B-D96A-4512-8065-72503A86DD19}.Debug|x86.ActiveCfg = Debug|Any CPU
		{9EC50B5B-D96A-4512-8065-72503A86DD19}.Debug|x86.Build.0 = Debug|Any CPU
		{9EC50B5B-D96A-4512-8065-72503A86DD19}.Release|Any CPU.ActiveCfg = Release|Any CPU
		{9EC50B5B-D96A-4512-8065-72503A86DD19}.Release|Any CPU.Build.0 = Release|Any CPU
		{9EC50B5B-D96A-4512-8065-72503A86DD19}.Release|x64.ActiveCfg = Release|Any CPU
		{9EC50B5B-D96A-4512-8065-72503A86DD19}.Release|x64.Build.0 = Release|Any CPU
		{9EC50B5B-D96A-4512-8065-72503A86DD19}.Release|x86.ActiveCfg = Release|Any CPU
		{9EC50B5B-D96A-4512-8065-72503A86DD19}.Release|x86.Build.0 = Release|Any CPU
		{A1F9CA05-FAB0-4887-ACC7-BBB2470B699A}.Debug|Any CPU.ActiveCfg = Debug|Any CPU
		{A1F9CA05-FAB0-4887-ACC7-BBB2470B699A}.Debug|Any CPU.Build.0 = Debug|Any CPU
		{A1F9CA05-FAB0-4887-ACC7-BBB2470B699A}.Debug|x64.ActiveCfg = Debug|Any CPU
		{A1F9CA05-FAB0-4887-ACC7-BBB2470B699A}.Debug|x64.Build.0 = Debug|Any CPU
		{A1F9CA05-FAB0-4887-ACC7-BBB2470B699A}.Debug|x86.ActiveCfg = Debug|Any CPU
		{A1F9CA05-FAB0-4887-ACC7-BBB2470B699A}.Debug|x86.Build.0 = Debug|Any CPU
		{A1F9CA05-FAB0-4887-ACC7-BBB2470B699A}.Release|Any CPU.ActiveCfg = Release|Any CPU
		{A1F9CA05-FAB0-4887-ACC7-BBB2470B699A}.Release|Any CPU.Build.0 = Release|Any CPU
		{A1F9CA05-FAB0-4887-ACC7-BBB2470B699A}.Release|x64.ActiveCfg = Release|Any CPU
		{A1F9CA05-FAB0-4887-ACC7-BBB2470B699A}.Release|x64.Build.0 = Release|Any CPU
		{A1F9CA05-FAB0-4887-ACC7-BBB2470B699A}.Release|x86.ActiveCfg = Release|Any CPU
		{A1F9CA05-FAB0-4887-ACC7-BBB2470B699A}.Release|x86.Build.0 = Release|Any CPU
		{EA309169-9E64-479E-8D95-F1B053363DE2}.Debug|Any CPU.ActiveCfg = Debug|Any CPU
		{EA309169-9E64-479E-8D95-F1B053363DE2}.Debug|Any CPU.Build.0 = Debug|Any CPU
		{EA309169-9E64-479E-8D95-F1B053363DE2}.Debug|x64.ActiveCfg = Debug|Any CPU
		{EA309169-9E64-479E-8D95-F1B053363DE2}.Debug|x64.Build.0 = Debug|Any CPU
		{EA309169-9E64-479E-8D95-F1B053363DE2}.Debug|x86.ActiveCfg = Debug|Any CPU
		{EA309169-9E64-479E-8D95-F1B053363DE2}.Debug|x86.Build.0 = Debug|Any CPU
		{EA309169-9E64-479E-8D95-F1B053363DE2}.Release|Any CPU.ActiveCfg = Release|Any CPU
		{EA309169-9E64-479E-8D95-F1B053363DE2}.Release|Any CPU.Build.0 = Release|Any CPU
		{EA309169-9E64-479E-8D95-F1B053363DE2}.Release|x64.ActiveCfg = Release|Any CPU
		{EA309169-9E64-479E-8D95-F1B053363DE2}.Release|x64.Build.0 = Release|Any CPU
		{EA309169-9E64-479E-8D95-F1B053363DE2}.Release|x86.ActiveCfg = Release|Any CPU
		{EA309169-9E64-479E-8D95-F1B053363DE2}.Release|x86.Build.0 = Release|Any CPU
		{723AB289-85BB-4291-B831-4FE634BDA820}.Debug|Any CPU.ActiveCfg = Debug|Any CPU
		{723AB289-85BB-4291-B831-4FE634BDA820}.Debug|Any CPU.Build.0 = Debug|Any CPU
		{723AB289-85BB-4291-B831-4FE634BDA820}.Debug|x64.ActiveCfg = Debug|Any CPU
		{723AB289-85BB-4291-B831-4FE634BDA820}.Debug|x64.Build.0 = Debug|Any CPU
		{723AB289-85BB-4291-B831-4FE634BDA820}.Debug|x86.ActiveCfg = Debug|Any CPU
		{723AB289-85BB-4291-B831-4FE634BDA820}.Debug|x86.Build.0 = Debug|Any CPU
		{723AB289-85BB-4291-B831-4FE634BDA820}.Release|Any CPU.ActiveCfg = Release|Any CPU
		{723AB289-85BB-4291-B831-4FE634BDA820}.Release|Any CPU.Build.0 = Release|Any CPU
		{723AB289-85BB-4291-B831-4FE634BDA820}.Release|x64.ActiveCfg = Release|Any CPU
		{723AB289-85BB-4291-B831-4FE634BDA820}.Release|x64.Build.0 = Release|Any CPU
		{723AB289-85BB-4291-B831-4FE634BDA820}.Release|x86.ActiveCfg = Release|Any CPU
		{723AB289-85BB-4291-B831-4FE634BDA820}.Release|x86.Build.0 = Release|Any CPU
		{06C92605-DE2D-46F5-B4AD-D830152E8A66}.Debug|Any CPU.ActiveCfg = Debug|Any CPU
		{06C92605-DE2D-46F5-B4AD-D830152E8A66}.Debug|Any CPU.Build.0 = Debug|Any CPU
		{06C92605-DE2D-46F5-B4AD-D830152E8A66}.Debug|x64.ActiveCfg = Debug|Any CPU
		{06C92605-DE2D-46F5-B4AD-D830152E8A66}.Debug|x64.Build.0 = Debug|Any CPU
		{06C92605-DE2D-46F5-B4AD-D830152E8A66}.Debug|x86.ActiveCfg = Debug|Any CPU
		{06C92605-DE2D-46F5-B4AD-D830152E8A66}.Debug|x86.Build.0 = Debug|Any CPU
		{06C92605-DE2D-46F5-B4AD-D830152E8A66}.Release|Any CPU.ActiveCfg = Release|Any CPU
		{06C92605-DE2D-46F5-B4AD-D830152E8A66}.Release|Any CPU.Build.0 = Release|Any CPU
		{06C92605-DE2D-46F5-B4AD-D830152E8A66}.Release|x64.ActiveCfg = Release|Any CPU
		{06C92605-DE2D-46F5-B4AD-D830152E8A66}.Release|x64.Build.0 = Release|Any CPU
		{06C92605-DE2D-46F5-B4AD-D830152E8A66}.Release|x86.ActiveCfg = Release|Any CPU
		{06C92605-DE2D-46F5-B4AD-D830152E8A66}.Release|x86.Build.0 = Release|Any CPU
		{4F1B1D6B-2D32-4B80-8311-B4D4631DA818}.Debug|Any CPU.ActiveCfg = Debug|Any CPU
		{4F1B1D6B-2D32-4B80-8311-B4D4631DA818}.Debug|Any CPU.Build.0 = Debug|Any CPU
		{4F1B1D6B-2D32-4B80-8311-B4D4631DA818}.Debug|x64.ActiveCfg = Debug|Any CPU
		{4F1B1D6B-2D32-4B80-8311-B4D4631DA818}.Debug|x64.Build.0 = Debug|Any CPU
		{4F1B1D6B-2D32-4B80-8311-B4D4631DA818}.Debug|x86.ActiveCfg = Debug|Any CPU
		{4F1B1D6B-2D32-4B80-8311-B4D4631DA818}.Debug|x86.Build.0 = Debug|Any CPU
		{4F1B1D6B-2D32-4B80-8311-B4D4631DA818}.Release|Any CPU.ActiveCfg = Release|Any CPU
		{4F1B1D6B-2D32-4B80-8311-B4D4631DA818}.Release|Any CPU.Build.0 = Release|Any CPU
		{4F1B1D6B-2D32-4B80-8311-B4D4631DA818}.Release|x64.ActiveCfg = Release|Any CPU
		{4F1B1D6B-2D32-4B80-8311-B4D4631DA818}.Release|x64.Build.0 = Release|Any CPU
		{4F1B1D6B-2D32-4B80-8311-B4D4631DA818}.Release|x86.ActiveCfg = Release|Any CPU
		{4F1B1D6B-2D32-4B80-8311-B4D4631DA818}.Release|x86.Build.0 = Release|Any CPU
		{AD1B739E-5152-4E1E-92B6-5D26735ABD11}.Debug|Any CPU.ActiveCfg = Debug|Any CPU
		{AD1B739E-5152-4E1E-92B6-5D26735ABD11}.Debug|Any CPU.Build.0 = Debug|Any CPU
		{AD1B739E-5152-4E1E-92B6-5D26735ABD11}.Debug|x64.ActiveCfg = Debug|Any CPU
		{AD1B739E-5152-4E1E-92B6-5D26735ABD11}.Debug|x64.Build.0 = Debug|Any CPU
		{AD1B739E-5152-4E1E-92B6-5D26735ABD11}.Debug|x86.ActiveCfg = Debug|Any CPU
		{AD1B739E-5152-4E1E-92B6-5D26735ABD11}.Debug|x86.Build.0 = Debug|Any CPU
		{AD1B739E-5152-4E1E-92B6-5D26735ABD11}.Release|Any CPU.ActiveCfg = Release|Any CPU
		{AD1B739E-5152-4E1E-92B6-5D26735ABD11}.Release|Any CPU.Build.0 = Release|Any CPU
		{AD1B739E-5152-4E1E-92B6-5D26735ABD11}.Release|x64.ActiveCfg = Release|Any CPU
		{AD1B739E-5152-4E1E-92B6-5D26735ABD11}.Release|x64.Build.0 = Release|Any CPU
		{AD1B739E-5152-4E1E-92B6-5D26735ABD11}.Release|x86.ActiveCfg = Release|Any CPU
		{AD1B739E-5152-4E1E-92B6-5D26735ABD11}.Release|x86.Build.0 = Release|Any CPU
		{6DFA7822-BC11-479A-B139-D446985CC1AD}.Debug|Any CPU.ActiveCfg = Debug|Any CPU
		{6DFA7822-BC11-479A-B139-D446985CC1AD}.Debug|Any CPU.Build.0 = Debug|Any CPU
		{6DFA7822-BC11-479A-B139-D446985CC1AD}.Debug|x64.ActiveCfg = Debug|Any CPU
		{6DFA7822-BC11-479A-B139-D446985CC1AD}.Debug|x64.Build.0 = Debug|Any CPU
		{6DFA7822-BC11-479A-B139-D446985CC1AD}.Debug|x86.ActiveCfg = Debug|Any CPU
		{6DFA7822-BC11-479A-B139-D446985CC1AD}.Debug|x86.Build.0 = Debug|Any CPU
		{6DFA7822-BC11-479A-B139-D446985CC1AD}.Release|Any CPU.ActiveCfg = Release|Any CPU
		{6DFA7822-BC11-479A-B139-D446985CC1AD}.Release|Any CPU.Build.0 = Release|Any CPU
		{6DFA7822-BC11-479A-B139-D446985CC1AD}.Release|x64.ActiveCfg = Release|Any CPU
		{6DFA7822-BC11-479A-B139-D446985CC1AD}.Release|x64.Build.0 = Release|Any CPU
		{6DFA7822-BC11-479A-B139-D446985CC1AD}.Release|x86.ActiveCfg = Release|Any CPU
		{6DFA7822-BC11-479A-B139-D446985CC1AD}.Release|x86.Build.0 = Release|Any CPU
		{88ADF645-A542-44CC-8348-95DAE09278DC}.Debug|Any CPU.ActiveCfg = Debug|Any CPU
		{88ADF645-A542-44CC-8348-95DAE09278DC}.Debug|Any CPU.Build.0 = Debug|Any CPU
		{88ADF645-A542-44CC-8348-95DAE09278DC}.Debug|x64.ActiveCfg = Debug|Any CPU
		{88ADF645-A542-44CC-8348-95DAE09278DC}.Debug|x64.Build.0 = Debug|Any CPU
		{88ADF645-A542-44CC-8348-95DAE09278DC}.Debug|x86.ActiveCfg = Debug|Any CPU
		{88ADF645-A542-44CC-8348-95DAE09278DC}.Debug|x86.Build.0 = Debug|Any CPU
		{88ADF645-A542-44CC-8348-95DAE09278DC}.Release|Any CPU.ActiveCfg = Release|Any CPU
		{88ADF645-A542-44CC-8348-95DAE09278DC}.Release|Any CPU.Build.0 = Release|Any CPU
		{88ADF645-A542-44CC-8348-95DAE09278DC}.Release|x64.ActiveCfg = Release|Any CPU
		{88ADF645-A542-44CC-8348-95DAE09278DC}.Release|x64.Build.0 = Release|Any CPU
		{88ADF645-A542-44CC-8348-95DAE09278DC}.Release|x86.ActiveCfg = Release|Any CPU
		{88ADF645-A542-44CC-8348-95DAE09278DC}.Release|x86.Build.0 = Release|Any CPU
		{B3437A61-72E4-4A05-A064-427535C6D624}.Debug|Any CPU.ActiveCfg = Debug|Any CPU
		{B3437A61-72E4-4A05-A064-427535C6D624}.Debug|Any CPU.Build.0 = Debug|Any CPU
		{B3437A61-72E4-4A05-A064-427535C6D624}.Debug|x64.ActiveCfg = Debug|Any CPU
		{B3437A61-72E4-4A05-A064-427535C6D624}.Debug|x64.Build.0 = Debug|Any CPU
		{B3437A61-72E4-4A05-A064-427535C6D624}.Debug|x86.ActiveCfg = Debug|Any CPU
		{B3437A61-72E4-4A05-A064-427535C6D624}.Debug|x86.Build.0 = Debug|Any CPU
		{B3437A61-72E4-4A05-A064-427535C6D624}.Release|Any CPU.ActiveCfg = Release|Any CPU
		{B3437A61-72E4-4A05-A064-427535C6D624}.Release|Any CPU.Build.0 = Release|Any CPU
		{B3437A61-72E4-4A05-A064-427535C6D624}.Release|x64.ActiveCfg = Release|Any CPU
		{B3437A61-72E4-4A05-A064-427535C6D624}.Release|x64.Build.0 = Release|Any CPU
		{B3437A61-72E4-4A05-A064-427535C6D624}.Release|x86.ActiveCfg = Release|Any CPU
		{B3437A61-72E4-4A05-A064-427535C6D624}.Release|x86.Build.0 = Release|Any CPU
		{588CEC38-0A5D-4EE6-AE5C-1FEE1C2C23B9}.Debug|Any CPU.ActiveCfg = Debug|Any CPU
		{588CEC38-0A5D-4EE6-AE5C-1FEE1C2C23B9}.Debug|Any CPU.Build.0 = Debug|Any CPU
		{588CEC38-0A5D-4EE6-AE5C-1FEE1C2C23B9}.Debug|x64.ActiveCfg = Debug|Any CPU
		{588CEC38-0A5D-4EE6-AE5C-1FEE1C2C23B9}.Debug|x64.Build.0 = Debug|Any CPU
		{588CEC38-0A5D-4EE6-AE5C-1FEE1C2C23B9}.Debug|x86.ActiveCfg = Debug|Any CPU
		{588CEC38-0A5D-4EE6-AE5C-1FEE1C2C23B9}.Debug|x86.Build.0 = Debug|Any CPU
		{588CEC38-0A5D-4EE6-AE5C-1FEE1C2C23B9}.Release|Any CPU.ActiveCfg = Release|Any CPU
		{588CEC38-0A5D-4EE6-AE5C-1FEE1C2C23B9}.Release|Any CPU.Build.0 = Release|Any CPU
		{588CEC38-0A5D-4EE6-AE5C-1FEE1C2C23B9}.Release|x64.ActiveCfg = Release|Any CPU
		{588CEC38-0A5D-4EE6-AE5C-1FEE1C2C23B9}.Release|x64.Build.0 = Release|Any CPU
		{588CEC38-0A5D-4EE6-AE5C-1FEE1C2C23B9}.Release|x86.ActiveCfg = Release|Any CPU
		{588CEC38-0A5D-4EE6-AE5C-1FEE1C2C23B9}.Release|x86.Build.0 = Release|Any CPU
		{F159D673-8231-4AB6-9E1E-00500D11F983}.Debug|Any CPU.ActiveCfg = Debug|Any CPU
		{F159D673-8231-4AB6-9E1E-00500D11F983}.Debug|Any CPU.Build.0 = Debug|Any CPU
		{F159D673-8231-4AB6-9E1E-00500D11F983}.Debug|x64.ActiveCfg = Debug|Any CPU
		{F159D673-8231-4AB6-9E1E-00500D11F983}.Debug|x64.Build.0 = Debug|Any CPU
		{F159D673-8231-4AB6-9E1E-00500D11F983}.Debug|x86.ActiveCfg = Debug|Any CPU
		{F159D673-8231-4AB6-9E1E-00500D11F983}.Debug|x86.Build.0 = Debug|Any CPU
		{F159D673-8231-4AB6-9E1E-00500D11F983}.Release|Any CPU.ActiveCfg = Release|Any CPU
		{F159D673-8231-4AB6-9E1E-00500D11F983}.Release|Any CPU.Build.0 = Release|Any CPU
		{F159D673-8231-4AB6-9E1E-00500D11F983}.Release|x64.ActiveCfg = Release|Any CPU
		{F159D673-8231-4AB6-9E1E-00500D11F983}.Release|x64.Build.0 = Release|Any CPU
		{F159D673-8231-4AB6-9E1E-00500D11F983}.Release|x86.ActiveCfg = Release|Any CPU
		{F159D673-8231-4AB6-9E1E-00500D11F983}.Release|x86.Build.0 = Release|Any CPU
		{608B6285-7A24-4F5C-9BF7-D5A72840252D}.Debug|Any CPU.ActiveCfg = Debug|Any CPU
		{608B6285-7A24-4F5C-9BF7-D5A72840252D}.Debug|Any CPU.Build.0 = Debug|Any CPU
		{608B6285-7A24-4F5C-9BF7-D5A72840252D}.Debug|x64.ActiveCfg = Debug|Any CPU
		{608B6285-7A24-4F5C-9BF7-D5A72840252D}.Debug|x64.Build.0 = Debug|Any CPU
		{608B6285-7A24-4F5C-9BF7-D5A72840252D}.Debug|x86.ActiveCfg = Debug|Any CPU
		{608B6285-7A24-4F5C-9BF7-D5A72840252D}.Debug|x86.Build.0 = Debug|Any CPU
		{608B6285-7A24-4F5C-9BF7-D5A72840252D}.Release|Any CPU.ActiveCfg = Release|Any CPU
		{608B6285-7A24-4F5C-9BF7-D5A72840252D}.Release|Any CPU.Build.0 = Release|Any CPU
		{608B6285-7A24-4F5C-9BF7-D5A72840252D}.Release|x64.ActiveCfg = Release|Any CPU
		{608B6285-7A24-4F5C-9BF7-D5A72840252D}.Release|x64.Build.0 = Release|Any CPU
		{608B6285-7A24-4F5C-9BF7-D5A72840252D}.Release|x86.ActiveCfg = Release|Any CPU
		{608B6285-7A24-4F5C-9BF7-D5A72840252D}.Release|x86.Build.0 = Release|Any CPU
		{81F36CFC-8C64-40B4-B1B0-D26300EA6B99}.Debug|Any CPU.ActiveCfg = Debug|Any CPU
		{81F36CFC-8C64-40B4-B1B0-D26300EA6B99}.Debug|Any CPU.Build.0 = Debug|Any CPU
		{81F36CFC-8C64-40B4-B1B0-D26300EA6B99}.Debug|x64.ActiveCfg = Debug|Any CPU
		{81F36CFC-8C64-40B4-B1B0-D26300EA6B99}.Debug|x64.Build.0 = Debug|Any CPU
		{81F36CFC-8C64-40B4-B1B0-D26300EA6B99}.Debug|x86.ActiveCfg = Debug|Any CPU
		{81F36CFC-8C64-40B4-B1B0-D26300EA6B99}.Debug|x86.Build.0 = Debug|Any CPU
		{81F36CFC-8C64-40B4-B1B0-D26300EA6B99}.Release|Any CPU.ActiveCfg = Release|Any CPU
		{81F36CFC-8C64-40B4-B1B0-D26300EA6B99}.Release|Any CPU.Build.0 = Release|Any CPU
		{81F36CFC-8C64-40B4-B1B0-D26300EA6B99}.Release|x64.ActiveCfg = Release|Any CPU
		{81F36CFC-8C64-40B4-B1B0-D26300EA6B99}.Release|x64.Build.0 = Release|Any CPU
		{81F36CFC-8C64-40B4-B1B0-D26300EA6B99}.Release|x86.ActiveCfg = Release|Any CPU
		{81F36CFC-8C64-40B4-B1B0-D26300EA6B99}.Release|x86.Build.0 = Release|Any CPU
		{BEA38C47-0F81-4033-BED6-25742DF5C2DE}.Debug|Any CPU.ActiveCfg = Debug|Any CPU
		{BEA38C47-0F81-4033-BED6-25742DF5C2DE}.Debug|Any CPU.Build.0 = Debug|Any CPU
		{BEA38C47-0F81-4033-BED6-25742DF5C2DE}.Debug|x64.ActiveCfg = Debug|Any CPU
		{BEA38C47-0F81-4033-BED6-25742DF5C2DE}.Debug|x64.Build.0 = Debug|Any CPU
		{BEA38C47-0F81-4033-BED6-25742DF5C2DE}.Debug|x86.ActiveCfg = Debug|Any CPU
		{BEA38C47-0F81-4033-BED6-25742DF5C2DE}.Debug|x86.Build.0 = Debug|Any CPU
		{BEA38C47-0F81-4033-BED6-25742DF5C2DE}.Release|Any CPU.ActiveCfg = Release|Any CPU
		{BEA38C47-0F81-4033-BED6-25742DF5C2DE}.Release|Any CPU.Build.0 = Release|Any CPU
		{BEA38C47-0F81-4033-BED6-25742DF5C2DE}.Release|x64.ActiveCfg = Release|Any CPU
		{BEA38C47-0F81-4033-BED6-25742DF5C2DE}.Release|x64.Build.0 = Release|Any CPU
		{BEA38C47-0F81-4033-BED6-25742DF5C2DE}.Release|x86.ActiveCfg = Release|Any CPU
		{BEA38C47-0F81-4033-BED6-25742DF5C2DE}.Release|x86.Build.0 = Release|Any CPU
		{0861B07C-A9F8-4A5A-A76E-71477DE8E7F5}.Debug|Any CPU.ActiveCfg = Debug|Any CPU
		{0861B07C-A9F8-4A5A-A76E-71477DE8E7F5}.Debug|Any CPU.Build.0 = Debug|Any CPU
		{0861B07C-A9F8-4A5A-A76E-71477DE8E7F5}.Debug|x64.ActiveCfg = Debug|Any CPU
		{0861B07C-A9F8-4A5A-A76E-71477DE8E7F5}.Debug|x64.Build.0 = Debug|Any CPU
		{0861B07C-A9F8-4A5A-A76E-71477DE8E7F5}.Debug|x86.ActiveCfg = Debug|Any CPU
		{0861B07C-A9F8-4A5A-A76E-71477DE8E7F5}.Debug|x86.Build.0 = Debug|Any CPU
		{0861B07C-A9F8-4A5A-A76E-71477DE8E7F5}.Release|Any CPU.ActiveCfg = Release|Any CPU
		{0861B07C-A9F8-4A5A-A76E-71477DE8E7F5}.Release|Any CPU.Build.0 = Release|Any CPU
		{0861B07C-A9F8-4A5A-A76E-71477DE8E7F5}.Release|x64.ActiveCfg = Release|Any CPU
		{0861B07C-A9F8-4A5A-A76E-71477DE8E7F5}.Release|x64.Build.0 = Release|Any CPU
		{0861B07C-A9F8-4A5A-A76E-71477DE8E7F5}.Release|x86.ActiveCfg = Release|Any CPU
		{0861B07C-A9F8-4A5A-A76E-71477DE8E7F5}.Release|x86.Build.0 = Release|Any CPU
		{6F6E4E68-2E2E-4DDE-AB04-844D01C837FA}.Debug|Any CPU.ActiveCfg = Debug|Any CPU
		{6F6E4E68-2E2E-4DDE-AB04-844D01C837FA}.Debug|Any CPU.Build.0 = Debug|Any CPU
		{6F6E4E68-2E2E-4DDE-AB04-844D01C837FA}.Debug|x64.ActiveCfg = Debug|Any CPU
		{6F6E4E68-2E2E-4DDE-AB04-844D01C837FA}.Debug|x64.Build.0 = Debug|Any CPU
		{6F6E4E68-2E2E-4DDE-AB04-844D01C837FA}.Debug|x86.ActiveCfg = Debug|Any CPU
		{6F6E4E68-2E2E-4DDE-AB04-844D01C837FA}.Debug|x86.Build.0 = Debug|Any CPU
		{6F6E4E68-2E2E-4DDE-AB04-844D01C837FA}.Release|Any CPU.ActiveCfg = Release|Any CPU
		{6F6E4E68-2E2E-4DDE-AB04-844D01C837FA}.Release|Any CPU.Build.0 = Release|Any CPU
		{6F6E4E68-2E2E-4DDE-AB04-844D01C837FA}.Release|x64.ActiveCfg = Release|Any CPU
		{6F6E4E68-2E2E-4DDE-AB04-844D01C837FA}.Release|x64.Build.0 = Release|Any CPU
		{6F6E4E68-2E2E-4DDE-AB04-844D01C837FA}.Release|x86.ActiveCfg = Release|Any CPU
		{6F6E4E68-2E2E-4DDE-AB04-844D01C837FA}.Release|x86.Build.0 = Release|Any CPU
		{4C602F1B-3D5B-46B2-8146-07CC6D4F17F6}.Debug|Any CPU.ActiveCfg = Debug|Any CPU
		{4C602F1B-3D5B-46B2-8146-07CC6D4F17F6}.Debug|Any CPU.Build.0 = Debug|Any CPU
		{4C602F1B-3D5B-46B2-8146-07CC6D4F17F6}.Debug|x64.ActiveCfg = Debug|Any CPU
		{4C602F1B-3D5B-46B2-8146-07CC6D4F17F6}.Debug|x64.Build.0 = Debug|Any CPU
		{4C602F1B-3D5B-46B2-8146-07CC6D4F17F6}.Debug|x86.ActiveCfg = Debug|Any CPU
		{4C602F1B-3D5B-46B2-8146-07CC6D4F17F6}.Debug|x86.Build.0 = Debug|Any CPU
		{4C602F1B-3D5B-46B2-8146-07CC6D4F17F6}.Release|Any CPU.ActiveCfg = Release|Any CPU
		{4C602F1B-3D5B-46B2-8146-07CC6D4F17F6}.Release|Any CPU.Build.0 = Release|Any CPU
		{4C602F1B-3D5B-46B2-8146-07CC6D4F17F6}.Release|x64.ActiveCfg = Release|Any CPU
		{4C602F1B-3D5B-46B2-8146-07CC6D4F17F6}.Release|x64.Build.0 = Release|Any CPU
		{4C602F1B-3D5B-46B2-8146-07CC6D4F17F6}.Release|x86.ActiveCfg = Release|Any CPU
		{4C602F1B-3D5B-46B2-8146-07CC6D4F17F6}.Release|x86.Build.0 = Release|Any CPU
		{D13D0347-9A7C-4A8F-9D3D-38782F26EAED}.Debug|Any CPU.ActiveCfg = Debug|Any CPU
		{D13D0347-9A7C-4A8F-9D3D-38782F26EAED}.Debug|Any CPU.Build.0 = Debug|Any CPU
		{D13D0347-9A7C-4A8F-9D3D-38782F26EAED}.Debug|x64.ActiveCfg = Debug|Any CPU
		{D13D0347-9A7C-4A8F-9D3D-38782F26EAED}.Debug|x64.Build.0 = Debug|Any CPU
		{D13D0347-9A7C-4A8F-9D3D-38782F26EAED}.Debug|x86.ActiveCfg = Debug|Any CPU
		{D13D0347-9A7C-4A8F-9D3D-38782F26EAED}.Debug|x86.Build.0 = Debug|Any CPU
		{D13D0347-9A7C-4A8F-9D3D-38782F26EAED}.Release|Any CPU.ActiveCfg = Release|Any CPU
		{D13D0347-9A7C-4A8F-9D3D-38782F26EAED}.Release|Any CPU.Build.0 = Release|Any CPU
		{D13D0347-9A7C-4A8F-9D3D-38782F26EAED}.Release|x64.ActiveCfg = Release|Any CPU
		{D13D0347-9A7C-4A8F-9D3D-38782F26EAED}.Release|x64.Build.0 = Release|Any CPU
		{D13D0347-9A7C-4A8F-9D3D-38782F26EAED}.Release|x86.ActiveCfg = Release|Any CPU
		{D13D0347-9A7C-4A8F-9D3D-38782F26EAED}.Release|x86.Build.0 = Release|Any CPU
		{CD16AF46-C41A-4802-A63B-057006380C4D}.Debug|Any CPU.ActiveCfg = Debug|Any CPU
		{CD16AF46-C41A-4802-A63B-057006380C4D}.Debug|Any CPU.Build.0 = Debug|Any CPU
		{CD16AF46-C41A-4802-A63B-057006380C4D}.Debug|x64.ActiveCfg = Debug|Any CPU
		{CD16AF46-C41A-4802-A63B-057006380C4D}.Debug|x64.Build.0 = Debug|Any CPU
		{CD16AF46-C41A-4802-A63B-057006380C4D}.Debug|x86.ActiveCfg = Debug|Any CPU
		{CD16AF46-C41A-4802-A63B-057006380C4D}.Debug|x86.Build.0 = Debug|Any CPU
		{CD16AF46-C41A-4802-A63B-057006380C4D}.Release|Any CPU.ActiveCfg = Release|Any CPU
		{CD16AF46-C41A-4802-A63B-057006380C4D}.Release|Any CPU.Build.0 = Release|Any CPU
		{CD16AF46-C41A-4802-A63B-057006380C4D}.Release|x64.ActiveCfg = Release|Any CPU
		{CD16AF46-C41A-4802-A63B-057006380C4D}.Release|x64.Build.0 = Release|Any CPU
		{CD16AF46-C41A-4802-A63B-057006380C4D}.Release|x86.ActiveCfg = Release|Any CPU
		{CD16AF46-C41A-4802-A63B-057006380C4D}.Release|x86.Build.0 = Release|Any CPU
		{EB8C87B8-8B62-4F68-8AC1-890121E2ABBF}.Debug|Any CPU.ActiveCfg = Debug|Any CPU
		{EB8C87B8-8B62-4F68-8AC1-890121E2ABBF}.Debug|Any CPU.Build.0 = Debug|Any CPU
		{EB8C87B8-8B62-4F68-8AC1-890121E2ABBF}.Debug|x64.ActiveCfg = Debug|x64
		{EB8C87B8-8B62-4F68-8AC1-890121E2ABBF}.Debug|x64.Build.0 = Debug|x64
		{EB8C87B8-8B62-4F68-8AC1-890121E2ABBF}.Debug|x86.ActiveCfg = Debug|x86
		{EB8C87B8-8B62-4F68-8AC1-890121E2ABBF}.Debug|x86.Build.0 = Debug|x86
		{EB8C87B8-8B62-4F68-8AC1-890121E2ABBF}.Release|Any CPU.ActiveCfg = Release|Any CPU
		{EB8C87B8-8B62-4F68-8AC1-890121E2ABBF}.Release|Any CPU.Build.0 = Release|Any CPU
		{EB8C87B8-8B62-4F68-8AC1-890121E2ABBF}.Release|x64.ActiveCfg = Release|x64
		{EB8C87B8-8B62-4F68-8AC1-890121E2ABBF}.Release|x64.Build.0 = Release|x64
		{EB8C87B8-8B62-4F68-8AC1-890121E2ABBF}.Release|x86.ActiveCfg = Release|x86
		{EB8C87B8-8B62-4F68-8AC1-890121E2ABBF}.Release|x86.Build.0 = Release|x86
	EndGlobalSection
	GlobalSection(SolutionProperties) = preSolution
		HideSolutionNode = FALSE
	EndGlobalSection
	GlobalSection(ExtensibilityGlobals) = postSolution
		SolutionGuid = {46AE05AC-BE0A-4002-B935-95CF93E7668E}
	EndGlobalSection
EndGlobal
